
Microsoft Visual Studio Solution File, Format Version 12.00
# Visual Studio Version 17
VisualStudioVersion = 17.7.34024.191
MinimumVisualStudioVersion = 10.0.40219.1
Project("{FAE04EC0-301F-11D3-BF4B-00C04F79EFBC}") = "ysjk", "ysjk\ysjk.csproj", "{060E915D-B843-4C59-A68E-D5EA7B88F612}"
EndProject
Global
	GlobalSection(SolutionConfigurationPlatforms) = preSolution
		Debug|Any CPU = Debug|Any CPU
		Release|Any CPU = Release|Any CPU
	EndGlobalSection
	GlobalSection(ProjectConfigurationPlatforms) = postSolution
		{060E915D-B843-4C59-A68E-D5EA7B88F612}.Debug|Any CPU.ActiveCfg = Debug|Any CPU
		{060E915D-B843-4C59-A68E-D5EA7B88F612}.Debug|Any CPU.Build.0 = Debug|Any CPU
		{060E915D-B843-4C59-A68E-D5EA7B88F612}.Release|Any CPU.ActiveCfg = Release|Any CPU
		{060E915D-B843-4C59-A68E-D5EA7B88F612}.Release|Any CPU.Build.0 = Release|Any CPU
	EndGlobalSection
	GlobalSection(SolutionProperties) = preSolution
		HideSolutionNode = FALSE
	EndGlobalSection
	GlobalSection(ExtensibilityGlobals) = postSolution
		SolutionGuid = {F7D026A9-06D6-464A-ACBE-D8BA0933A382}
	EndGlobalSection
EndGlobal
