
Microsoft Visual Studio Solution File, Format Version 12.00
# Visual Studio Version 17
VisualStudioVersion = 17.6.33829.357
MinimumVisualStudioVersion = 10.0.40219.1
Project("{FAE04EC0-301F-11D3-BF4B-00C04F79EFBC}") = "drawing", "drawing\drawing.csproj", "{31E84343-04CA-4D73-A75B-B79FAC0CB1E0}"
EndProject
Global
	GlobalSection(SolutionConfigurationPlatforms) = preSolution
		Debug|Any CPU = Debug|Any CPU
		Release|Any CPU = Release|Any CPU
	EndGlobalSection
	GlobalSection(ProjectConfigurationPlatforms) = postSolution
		{31E84343-04CA-4D73-A75B-B79FAC0CB1E0}.Debug|Any CPU.ActiveCfg = Debug|Any CPU
		{31E84343-04CA-4D73-A75B-B79FAC0CB1E0}.Debug|Any CPU.Build.0 = Debug|Any CPU
		{31E84343-04CA-4D73-A75B-B79FAC0CB1E0}.Release|Any CPU.ActiveCfg = Release|Any CPU
		{31E84343-04CA-4D73-A75B-B79FAC0CB1E0}.Release|Any CPU.Build.0 = Release|Any CPU
	EndGlobalSection
	GlobalSection(SolutionProperties) = preSolution
		HideSolutionNode = FALSE
	EndGlobalSection
	GlobalSection(ExtensibilityGlobals) = postSolution
		SolutionGuid = {471C8CBB-F6B2-4BC0-8739-CBA695388BD1}
	EndGlobalSection
EndGlobal
